
Microsoft Visual Studio Solution File, Format Version 12.00
# Visual Studio Version 16
VisualStudioVersion = 16.0.31321.278
MinimumVisualStudioVersion = 10.0.40219.1
Project("{FAE04EC0-301F-11D3-BF4B-00C04F79EFBC}") = "Group7", "Group7.csproj", "{97EA0660-93D0-49AD-942D-16E50F5D7046}"
EndProject
Global
	GlobalSection(SolutionConfigurationPlatforms) = preSolution
		Debug|Any CPU = Debug|Any CPU
		Release|Any CPU = Release|Any CPU
	EndGlobalSection
	GlobalSection(ProjectConfigurationPlatforms) = postSolution
		{97EA0660-93D0-49AD-942D-16E50F5D7046}.Debug|Any CPU.ActiveCfg = Debug|Any CPU
		{97EA0660-93D0-49AD-942D-16E50F5D7046}.Debug|Any CPU.Build.0 = Debug|Any CPU
		{97EA0660-93D0-49AD-942D-16E50F5D7046}.Release|Any CPU.ActiveCfg = Release|Any CPU
		{97EA0660-93D0-49AD-942D-16E50F5D7046}.Release|Any CPU.Build.0 = Release|Any CPU
	EndGlobalSection
	GlobalSection(SolutionProperties) = preSolution
		HideSolutionNode = FALSE
	EndGlobalSection
	GlobalSection(ExtensibilityGlobals) = postSolution
		SolutionGuid = {59C5B05A-28D2-4499-B63C-02A48D6ECBA4}
	EndGlobalSection
EndGlobal
